// !$*UTF8*$!
{
	archiveVersion = 1;
	classes = {
	};
	objectVersion = 56;
	objects = {

/* Begin PBXBuildFile section */
		EB0F2BAC2B50C6C500FBA360 /* APIResponse.swift in Sources */ = {isa = PBXBuildFile; fileRef = EB0F2BAB2B50C6C500FBA360 /* APIResponse.swift */; };
		EB55D14F2B479DBB003AC9C9 /* HeaderViewModel.swift in Sources */ = {isa = PBXBuildFile; fileRef = EB55D14E2B479DBB003AC9C9 /* HeaderViewModel.swift */; };
		EB55D1512B479E02003AC9C9 /* WeatherViewModel.swift in Sources */ = {isa = PBXBuildFile; fileRef = EB55D1502B479E02003AC9C9 /* WeatherViewModel.swift */; };
		EB55D1572B4B8CBC003AC9C9 /* HeaderView.swift in Sources */ = {isa = PBXBuildFile; fileRef = EB55D1562B4B8CBC003AC9C9 /* HeaderView.swift */; };
		EB55D1592B4CCA69003AC9C9 /* HourlyModel.swift in Sources */ = {isa = PBXBuildFile; fileRef = EB55D1582B4CCA69003AC9C9 /* HourlyModel.swift */; };
		EB55D15B2B4CCE88003AC9C9 /* HourView.swift in Sources */ = {isa = PBXBuildFile; fileRef = EB55D15A2B4CCE88003AC9C9 /* HourView.swift */; };
		EB55D15D2B4CCEAB003AC9C9 /* HourlyView.swift in Sources */ = {isa = PBXBuildFile; fileRef = EB55D15C2B4CCEAB003AC9C9 /* HourlyView.swift */; };
		EB55D15F2B4E0E8B003AC9C9 /* DayRowView.swift in Sources */ = {isa = PBXBuildFile; fileRef = EB55D15E2B4E0E8B003AC9C9 /* DayRowView.swift */; };
		EB55D1612B4E0ED3003AC9C9 /* DailyView.swift in Sources */ = {isa = PBXBuildFile; fileRef = EB55D1602B4E0ED3003AC9C9 /* DailyView.swift */; };
		EB7329632B462CE400C004A7 /* WeatherAppApp.swift in Sources */ = {isa = PBXBuildFile; fileRef = EB7329622B462CE400C004A7 /* WeatherAppApp.swift */; };
		EB7329652B462CE400C004A7 /* ContentView.swift in Sources */ = {isa = PBXBuildFile; fileRef = EB7329642B462CE400C004A7 /* ContentView.swift */; };
		EB7329672B462CE500C004A7 /* Assets.xcassets in Resources */ = {isa = PBXBuildFile; fileRef = EB7329662B462CE500C004A7 /* Assets.xcassets */; };
		EB73296A2B462CE500C004A7 /* Preview Assets.xcassets in Resources */ = {isa = PBXBuildFile; fileRef = EB7329692B462CE500C004A7 /* Preview Assets.xcassets */; };
/* End PBXBuildFile section */

/* Begin PBXFileReference section */
		EB0F2BAB2B50C6C500FBA360 /* APIResponse.swift */ = {isa = PBXFileReference; lastKnownFileType = sourcecode.swift; path = APIResponse.swift; sourceTree = "<group>"; };
		EB55D14E2B479DBB003AC9C9 /* HeaderViewModel.swift */ = {isa = PBXFileReference; lastKnownFileType = sourcecode.swift; path = HeaderViewModel.swift; sourceTree = "<group>"; };
		EB55D1502B479E02003AC9C9 /* WeatherViewModel.swift */ = {isa = PBXFileReference; lastKnownFileType = sourcecode.swift; path = WeatherViewModel.swift; sourceTree = "<group>"; };
		EB55D1562B4B8CBC003AC9C9 /* HeaderView.swift */ = {isa = PBXFileReference; lastKnownFileType = sourcecode.swift; path = HeaderView.swift; sourceTree = "<group>"; };
		EB55D1582B4CCA69003AC9C9 /* HourlyModel.swift */ = {isa = PBXFileReference; lastKnownFileType = sourcecode.swift; path = HourlyModel.swift; sourceTree = "<group>"; };
		EB55D15A2B4CCE88003AC9C9 /* HourView.swift */ = {isa = PBXFileReference; lastKnownFileType = sourcecode.swift; path = HourView.swift; sourceTree = "<group>"; };
		EB55D15C2B4CCEAB003AC9C9 /* HourlyView.swift */ = {isa = PBXFileReference; lastKnownFileType = sourcecode.swift; path = HourlyView.swift; sourceTree = "<group>"; };
		EB55D15E2B4E0E8B003AC9C9 /* DayRowView.swift */ = {isa = PBXFileReference; lastKnownFileType = sourcecode.swift; path = DayRowView.swift; sourceTree = "<group>"; };
		EB55D1602B4E0ED3003AC9C9 /* DailyView.swift */ = {isa = PBXFileReference; lastKnownFileType = sourcecode.swift; path = DailyView.swift; sourceTree = "<group>"; };
		EB73295F2B462CE400C004A7 /* WeatherApp.app */ = {isa = PBXFileReference; explicitFileType = wrapper.application; includeInIndex = 0; path = WeatherApp.app; sourceTree = BUILT_PRODUCTS_DIR; };
		EB7329622B462CE400C004A7 /* WeatherAppApp.swift */ = {isa = PBXFileReference; lastKnownFileType = sourcecode.swift; path = WeatherAppApp.swift; sourceTree = "<group>"; };
		EB7329642B462CE400C004A7 /* ContentView.swift */ = {isa = PBXFileReference; lastKnownFileType = sourcecode.swift; path = ContentView.swift; sourceTree = "<group>"; };
		EB7329662B462CE500C004A7 /* Assets.xcassets */ = {isa = PBXFileReference; lastKnownFileType = folder.assetcatalog; path = Assets.xcassets; sourceTree = "<group>"; };
		EB7329692B462CE500C004A7 /* Preview Assets.xcassets */ = {isa = PBXFileReference; lastKnownFileType = folder.assetcatalog; path = "Preview Assets.xcassets"; sourceTree = "<group>"; };
/* End PBXFileReference section */

/* Begin PBXFrameworksBuildPhase section */
		EB73295C2B462CE400C004A7 /* Frameworks */ = {
			isa = PBXFrameworksBuildPhase;
			buildActionMask = 2147483647;
			files = (
			);
			runOnlyForDeploymentPostprocessing = 0;
		};
/* End PBXFrameworksBuildPhase section */

/* Begin PBXGroup section */
		EB55D14C2B479D75003AC9C9 /* Views */ = {
			isa = PBXGroup;
			children = (
				EB7329642B462CE400C004A7 /* ContentView.swift */,
				EB55D1602B4E0ED3003AC9C9 /* DailyView.swift */,
				EB55D15E2B4E0E8B003AC9C9 /* DayRowView.swift */,
				EB55D15A2B4CCE88003AC9C9 /* HourView.swift */,
				EB55D1562B4B8CBC003AC9C9 /* HeaderView.swift */,
				EB55D15C2B4CCEAB003AC9C9 /* HourlyView.swift */,
			);
			path = Views;
			sourceTree = "<group>";
		};
		EB55D14D2B479D87003AC9C9 /* ViewModels */ = {
			isa = PBXGroup;
			children = (
				EB55D14E2B479DBB003AC9C9 /* HeaderViewModel.swift */,
				EB55D1502B479E02003AC9C9 /* WeatherViewModel.swift */,
			);
			path = ViewModels;
			sourceTree = "<group>";
		};
		EB55D1522B4B7896003AC9C9 /* Models */ = {
			isa = PBXGroup;
			children = (
				EB55D1582B4CCA69003AC9C9 /* HourlyModel.swift */,
			);
			path = Models;
			sourceTree = "<group>";
		};
		EB55D1532B4B78AC003AC9C9 /* API Service */ = {
			isa = PBXGroup;
			children = (
				EB0F2BAB2B50C6C500FBA360 /* APIResponse.swift */,
			);
			path = "API Service";
			sourceTree = "<group>";
		};
		EB7329562B462CE400C004A7 = {
			isa = PBXGroup;
			children = (
				EB7329612B462CE400C004A7 /* WeatherApp */,
				EB7329602B462CE400C004A7 /* Products */,
			);
			sourceTree = "<group>";
		};
		EB7329602B462CE400C004A7 /* Products */ = {
			isa = PBXGroup;
			children = (
				EB73295F2B462CE400C004A7 /* WeatherApp.app */,
			);
			name = Products;
			sourceTree = "<group>";
		};
		EB7329612B462CE400C004A7 /* WeatherApp */ = {
			isa = PBXGroup;
			children = (
				EB55D1532B4B78AC003AC9C9 /* API Service */,
				EB55D1522B4B7896003AC9C9 /* Models */,
				EB55D14D2B479D87003AC9C9 /* ViewModels */,
				EB55D14C2B479D75003AC9C9 /* Views */,
				EB7329622B462CE400C004A7 /* WeatherAppApp.swift */,
				EB7329662B462CE500C004A7 /* Assets.xcassets */,
				EB7329682B462CE500C004A7 /* Preview Content */,
			);
			path = WeatherApp;
			sourceTree = "<group>";
		};
		EB7329682B462CE500C004A7 /* Preview Content */ = {
			isa = PBXGroup;
			children = (
				EB7329692B462CE500C004A7 /* Preview Assets.xcassets */,
			);
			path = "Preview Content";
			sourceTree = "<group>";
		};
/* End PBXGroup section */

/* Begin PBXNativeTarget section */
		EB73295E2B462CE400C004A7 /* WeatherApp */ = {
			isa = PBXNativeTarget;
			buildConfigurationList = EB73296D2B462CE500C004A7 /* Build configuration list for PBXNativeTarget "WeatherApp" */;
			buildPhases = (
				EB73295B2B462CE400C004A7 /* Sources */,
				EB73295C2B462CE400C004A7 /* Frameworks */,
				EB73295D2B462CE400C004A7 /* Resources */,
			);
			buildRules = (
			);
			dependencies = (
			);
			name = WeatherApp;
			productName = WeatherApp;
			productReference = EB73295F2B462CE400C004A7 /* WeatherApp.app */;
			productType = "com.apple.product-type.application";
		};
/* End PBXNativeTarget section */

/* Begin PBXProject section */
		EB7329572B462CE400C004A7 /* Project object */ = {
			isa = PBXProject;
			attributes = {
				BuildIndependentTargetsInParallel = 1;
				LastSwiftUpdateCheck = 1430;
				LastUpgradeCheck = 1430;
				TargetAttributes = {
					EB73295E2B462CE400C004A7 = {
						CreatedOnToolsVersion = 14.3.1;
					};
				};
			};
			buildConfigurationList = EB73295A2B462CE400C004A7 /* Build configuration list for PBXProject "WeatherApp" */;
			compatibilityVersion = "Xcode 14.0";
			developmentRegion = en;
			hasScannedForEncodings = 0;
			knownRegions = (
				en,
				Base,
			);
			mainGroup = EB7329562B462CE400C004A7;
			productRefGroup = EB7329602B462CE400C004A7 /* Products */;
			projectDirPath = "";
			projectRoot = "";
			targets = (
				EB73295E2B462CE400C004A7 /* WeatherApp */,
			);
		};
/* End PBXProject section */

/* Begin PBXResourcesBuildPhase section */
		EB73295D2B462CE400C004A7 /* Resources */ = {
			isa = PBXResourcesBuildPhase;
			buildActionMask = 2147483647;
			files = (
				EB73296A2B462CE500C004A7 /* Preview Assets.xcassets in Resources */,
				EB7329672B462CE500C004A7 /* Assets.xcassets in Resources */,
			);
			runOnlyForDeploymentPostprocessing = 0;
		};
/* End PBXResourcesBuildPhase section */

/* Begin PBXSourcesBuildPhase section */
		EB73295B2B462CE400C004A7 /* Sources */ = {
			isa = PBXSourcesBuildPhase;
			buildActionMask = 2147483647;
			files = (
				EB55D1592B4CCA69003AC9C9 /* HourlyModel.swift in Sources */,
				EB55D15D2B4CCEAB003AC9C9 /* HourlyView.swift in Sources */,
				EB55D15B2B4CCE88003AC9C9 /* HourView.swift in Sources */,
				EB55D1572B4B8CBC003AC9C9 /* HeaderView.swift in Sources */,
				EB7329652B462CE400C004A7 /* ContentView.swift in Sources */,
				EB0F2BAC2B50C6C500FBA360 /* APIResponse.swift in Sources */,
				EB55D1512B479E02003AC9C9 /* WeatherViewModel.swift in Sources */,
				EB7329632B462CE400C004A7 /* WeatherAppApp.swift in Sources */,
				EB55D14F2B479DBB003AC9C9 /* HeaderViewModel.swift in Sources */,
				EB55D1612B4E0ED3003AC9C9 /* DailyView.swift in Sources */,
				EB55D15F2B4E0E8B003AC9C9 /* DayRowView.swift in Sources */,
			);
			runOnlyForDeploymentPostprocessing = 0;
		};
/* End PBXSourcesBuildPhase section */

/* Begin XCBuildConfiguration section */
		EB73296B2B462CE500C004A7 /* Debug */ = {
			isa = XCBuildConfiguration;
			buildSettings = {
				ALWAYS_SEARCH_USER_PATHS = NO;
				CLANG_ANALYZER_NONNULL = YES;
				CLANG_ANALYZER_NUMBER_OBJECT_CONVERSION = YES_AGGRESSIVE;
				CLANG_CXX_LANGUAGE_STANDARD = "gnu++20";
				CLANG_ENABLE_MODULES = YES;
				CLANG_ENABLE_OBJC_ARC = YES;
				CLANG_ENABLE_OBJC_WEAK = YES;
				CLANG_WARN_BLOCK_CAPTURE_AUTORELEASING = YES;
				CLANG_WARN_BOOL_CONVERSION = YES;
				CLANG_WARN_COMMA = YES;
				CLANG_WARN_CONSTANT_CONVERSION = YES;
				CLANG_WARN_DEPRECATED_OBJC_IMPLEMENTATIONS = YES;
				CLANG_WARN_DIRECT_OBJC_ISA_USAGE = YES_ERROR;
				CLANG_WARN_DOCUMENTATION_COMMENTS = YES;
				CLANG_WARN_EMPTY_BODY = YES;
				CLANG_WARN_ENUM_CONVERSION = YES;
				CLANG_WARN_INFINITE_RECURSION = YES;
				CLANG_WARN_INT_CONVERSION = YES;
				CLANG_WARN_NON_LITERAL_NULL_CONVERSION = YES;
				CLANG_WARN_OBJC_IMPLICIT_RETAIN_SELF = YES;
				CLANG_WARN_OBJC_LITERAL_CONVERSION = YES;
				CLANG_WARN_OBJC_ROOT_CLASS = YES_ERROR;
				CLANG_WARN_QUOTED_INCLUDE_IN_FRAMEWORK_HEADER = YES;
				CLANG_WARN_RANGE_LOOP_ANALYSIS = YES;
				CLANG_WARN_STRICT_PROTOTYPES = YES;
				CLANG_WARN_SUSPICIOUS_MOVE = YES;
				CLANG_WARN_UNGUARDED_AVAILABILITY = YES_AGGRESSIVE;
				CLANG_WARN_UNREACHABLE_CODE = YES;
				CLANG_WARN__DUPLICATE_METHOD_MATCH = YES;
				COPY_PHASE_STRIP = NO;
				DEBUG_INFORMATION_FORMAT = dwarf;
				ENABLE_STRICT_OBJC_MSGSEND = YES;
				ENABLE_TESTABILITY = YES;
				GCC_C_LANGUAGE_STANDARD = gnu11;
				GCC_DYNAMIC_NO_PIC = NO;
				GCC_NO_COMMON_BLOCKS = YES;
				GCC_OPTIMIZATION_LEVEL = 0;
				GCC_PREPROCESSOR_DEFINITIONS = (
					"DEBUG=1",
					"$(inherited)",
				);
				GCC_WARN_64_TO_32_BIT_CONVERSION = YES;
				GCC_WARN_ABOUT_RETURN_TYPE = YES_ERROR;
				GCC_WARN_UNDECLARED_SELECTOR = YES;
				GCC_WARN_UNINITIALIZED_AUTOS = YES_AGGRESSIVE;
				GCC_WARN_UNUSED_FUNCTION = YES;
				GCC_WARN_UNUSED_VARIABLE = YES;
				IPHONEOS_DEPLOYMENT_TARGET = 16.4;
				MTL_ENABLE_DEBUG_INFO = INCLUDE_SOURCE;
				MTL_FAST_MATH = YES;
				ONLY_ACTIVE_ARCH = YES;
				SDKROOT = iphoneos;
				SWIFT_ACTIVE_COMPILATION_CONDITIONS = DEBUG;
				SWIFT_OPTIMIZATION_LEVEL = "-Onone";
			};
			name = Debug;
		};
		EB73296C2B462CE500C004A7 /* Release */ = {
			isa = XCBuildConfiguration;
			buildSettings = {
				ALWAYS_SEARCH_USER_PATHS = NO;
				CLANG_ANALYZER_NONNULL = YES;
				CLANG_ANALYZER_NUMBER_OBJECT_CONVERSION = YES_AGGRESSIVE;
				CLANG_CXX_LANGUAGE_STANDARD = "gnu++20";
				CLANG_ENABLE_MODULES = YES;
				CLANG_ENABLE_OBJC_ARC = YES;
				CLANG_ENABLE_OBJC_WEAK = YES;
				CLANG_WARN_BLOCK_CAPTURE_AUTORELEASING = YES;
				CLANG_WARN_BOOL_CONVERSION = YES;
				CLANG_WARN_COMMA = YES;
				CLANG_WARN_CONSTANT_CONVERSION = YES;
				CLANG_WARN_DEPRECATED_OBJC_IMPLEMENTATIONS = YES;
				CLANG_WARN_DIRECT_OBJC_ISA_USAGE = YES_ERROR;
				CLANG_WARN_DOCUMENTATION_COMMENTS = YES;
				CLANG_WARN_EMPTY_BODY = YES;
				CLANG_WARN_ENUM_CONVERSION = YES;
				CLANG_WARN_INFINITE_RECURSION = YES;
				CLANG_WARN_INT_CONVERSION = YES;
				CLANG_WARN_NON_LITERAL_NULL_CONVERSION = YES;
				CLANG_WARN_OBJC_IMPLICIT_RETAIN_SELF = YES;
				CLANG_WARN_OBJC_LITERAL_CONVERSION = YES;
				CLANG_WARN_OBJC_ROOT_CLASS = YES_ERROR;
				CLANG_WARN_QUOTED_INCLUDE_IN_FRAMEWORK_HEADER = YES;
				CLANG_WARN_RANGE_LOOP_ANALYSIS = YES;
				CLANG_WARN_STRICT_PROTOTYPES = YES;
				CLANG_WARN_SUSPICIOUS_MOVE = YES;
				CLANG_WARN_UNGUARDED_AVAILABILITY = YES_AGGRESSIVE;
				CLANG_WARN_UNREACHABLE_CODE = YES;
				CLANG_WARN__DUPLICATE_METHOD_MATCH = YES;
				COPY_PHASE_STRIP = NO;
				DEBUG_INFORMATION_FORMAT = "dwarf-with-dsym";
				ENABLE_NS_ASSERTIONS = NO;
				ENABLE_STRICT_OBJC_MSGSEND = YES;
				GCC_C_LANGUAGE_STANDARD = gnu11;
				GCC_NO_COMMON_BLOCKS = YES;
				GCC_WARN_64_TO_32_BIT_CONVERSION = YES;
				GCC_WARN_ABOUT_RETURN_TYPE = YES_ERROR;
				GCC_WARN_UNDECLARED_SELECTOR = YES;
				GCC_WARN_UNINITIALIZED_AUTOS = YES_AGGRESSIVE;
				GCC_WARN_UNUSED_FUNCTION = YES;
				GCC_WARN_UNUSED_VARIABLE = YES;
				IPHONEOS_DEPLOYMENT_TARGET = 16.4;
				MTL_ENABLE_DEBUG_INFO = NO;
				MTL_FAST_MATH = YES;
				SDKROOT = iphoneos;
				SWIFT_COMPILATION_MODE = wholemodule;
				SWIFT_OPTIMIZATION_LEVEL = "-O";
				VALIDATE_PRODUCT = YES;
			};
			name = Release;
		};
		EB73296E2B462CE500C004A7 /* Debug */ = {
			isa = XCBuildConfiguration;
			buildSettings = {
				ASSETCATALOG_COMPILER_APPICON_NAME = AppIcon;
				ASSETCATALOG_COMPILER_GLOBAL_ACCENT_COLOR_NAME = AccentColor;
				CODE_SIGN_STYLE = Automatic;
				CURRENT_PROJECT_VERSION = 1;
				DEVELOPMENT_ASSET_PATHS = "\"WeatherApp/Preview Content\"";
				DEVELOPMENT_TEAM = NT57WH95JN;
				ENABLE_PREVIEWS = YES;
				GENERATE_INFOPLIST_FILE = YES;
				INFOPLIST_KEY_UIApplicationSceneManifest_Generation = YES;
				INFOPLIST_KEY_UIApplicationSupportsIndirectInputEvents = YES;
				INFOPLIST_KEY_UILaunchScreen_Generation = YES;
				INFOPLIST_KEY_UISupportedInterfaceOrientations_iPad = "UIInterfaceOrientationPortrait UIInterfaceOrientationPortraitUpsideDown UIInterfaceOrientationLandscapeLeft UIInterfaceOrientationLandscapeRight";
				INFOPLIST_KEY_UISupportedInterfaceOrientations_iPhone = "UIInterfaceOrientationPortrait UIInterfaceOrientationLandscapeLeft UIInterfaceOrientationLandscapeRight";
				LD_RUNPATH_SEARCH_PATHS = (
					"$(inherited)",
					"@executable_path/Frameworks",
				);
				MARKETING_VERSION = 1.0;
				PRODUCT_BUNDLE_IDENTIFIER = com.treybrowder.WeatherApp;
				PRODUCT_NAME = "$(TARGET_NAME)";
				SWIFT_EMIT_LOC_STRINGS = YES;
				SWIFT_VERSION = 5.0;
				TARGETED_DEVICE_FAMILY = "1,2";
			};
			name = Debug;
		};
		EB73296F2B462CE500C004A7 /* Release */ = {
			isa = XCBuildConfiguration;
			buildSettings = {
				ASSETCATALOG_COMPILER_APPICON_NAME = AppIcon;
				ASSETCATALOG_COMPILER_GLOBAL_ACCENT_COLOR_NAME = AccentColor;
				CODE_SIGN_STYLE = Automatic;
				CURRENT_PROJECT_VERSION = 1;
				DEVELOPMENT_ASSET_PATHS = "\"WeatherApp/Preview Content\"";
				DEVELOPMENT_TEAM = NT57WH95JN;
				ENABLE_PREVIEWS = YES;
				GENERATE_INFOPLIST_FILE = YES;
				INFOPLIST_KEY_UIApplicationSceneManifest_Generation = YES;
				INFOPLIST_KEY_UIApplicationSupportsIndirectInputEvents = YES;
				INFOPLIST_KEY_UILaunchScreen_Generation = YES;
				INFOPLIST_KEY_UISupportedInterfaceOrientations_iPad = "UIInterfaceOrientationPortrait UIInterfaceOrientationPortraitUpsideDown UIInterfaceOrientationLandscapeLeft UIInterfaceOrientationLandscapeRight";
				INFOPLIST_KEY_UISupportedInterfaceOrientations_iPhone = "UIInterfaceOrientationPortrait UIInterfaceOrientationLandscapeLeft UIInterfaceOrientationLandscapeRight";
				LD_RUNPATH_SEARCH_PATHS = (
					"$(inherited)",
					"@executable_path/Frameworks",
				);
				MARKETING_VERSION = 1.0;
				PRODUCT_BUNDLE_IDENTIFIER = com.treybrowder.WeatherApp;
				PRODUCT_NAME = "$(TARGET_NAME)";
				SWIFT_EMIT_LOC_STRINGS = YES;
				SWIFT_VERSION = 5.0;
				TARGETED_DEVICE_FAMILY = "1,2";
			};
			name = Release;
		};
/* End XCBuildConfiguration section */

/* Begin XCConfigurationList section */
		EB73295A2B462CE400C004A7 /* Build configuration list for PBXProject "WeatherApp" */ = {
			isa = XCConfigurationList;
			buildConfigurations = (
				EB73296B2B462CE500C004A7 /* Debug */,
				EB73296C2B462CE500C004A7 /* Release */,
			);
			defaultConfigurationIsVisible = 0;
			defaultConfigurationName = Release;
		};
		EB73296D2B462CE500C004A7 /* Build configuration list for PBXNativeTarget "WeatherApp" */ = {
			isa = XCConfigurationList;
			buildConfigurations = (
				EB73296E2B462CE500C004A7 /* Debug */,
				EB73296F2B462CE500C004A7 /* Release */,
			);
			defaultConfigurationIsVisible = 0;
			defaultConfigurationName = Release;
		};
/* End XCConfigurationList section */
	};
	rootObject = EB7329572B462CE400C004A7 /* Project object */;
}
